
Microsoft Visual Studio Solution File, Format Version 12.00
# Visual Studio 15
VisualStudioVersion = 15.0.27703.2047
MinimumVisualStudioVersion = 10.0.40219.1
Project("{FAE04EC0-301F-11D3-BF4B-00C04F79EFBC}") = "Matching", "Matching\Matching.csproj", "{5A5DB898-D0F0-469A-99C4-6ED8DB24AB77}"
EndProject
Global
	GlobalSection(SolutionConfigurationPlatforms) = preSolution
		Debug|Any CPU = Debug|Any CPU
		Release|Any CPU = Release|Any CPU
	EndGlobalSection
	GlobalSection(ProjectConfigurationPlatforms) = postSolution
		{5A5DB898-D0F0-469A-99C4-6ED8DB24AB77}.Debug|Any CPU.ActiveCfg = Debug|Any CPU
		{5A5DB898-D0F0-469A-99C4-6ED8DB24AB77}.Debug|Any CPU.Build.0 = Debug|Any CPU
		{5A5DB898-D0F0-469A-99C4-6ED8DB24AB77}.Release|Any CPU.ActiveCfg = Release|Any CPU
		{5A5DB898-D0F0-469A-99C4-6ED8DB24AB77}.Release|Any CPU.Build.0 = Release|Any CPU
	EndGlobalSection
	GlobalSection(SolutionProperties) = preSolution
		HideSolutionNode = FALSE
	EndGlobalSection
	GlobalSection(ExtensibilityGlobals) = postSolution
		SolutionGuid = {8623EC73-1B3D-4A0C-BAD0-7D750E12C77D}
	EndGlobalSection
EndGlobal
